// !$*UTF8*$!
{
	archiveVersion = 1;
	classes = {
	};
	objectVersion = 46;
	objects = {

/* Begin PBXBuildFile section */
		D69DA0941F9034C90020A2AF /* AppDelegate.swift in Sources */ = {isa = PBXBuildFile; fileRef = D69DA0931F9034C90020A2AF /* AppDelegate.swift */; };
		D69DA0961F9034C90020A2AF /* ViewController.swift in Sources */ = {isa = PBXBuildFile; fileRef = D69DA0951F9034C90020A2AF /* ViewController.swift */; };
		D69DA0991F9034C90020A2AF /* Main.storyboard in Resources */ = {isa = PBXBuildFile; fileRef = D69DA0971F9034C90020A2AF /* Main.storyboard */; };
		D69DA09B1F9034C90020A2AF /* Assets.xcassets in Resources */ = {isa = PBXBuildFile; fileRef = D69DA09A1F9034C90020A2AF /* Assets.xcassets */; };
		D69DA09E1F9034C90020A2AF /* LaunchScreen.storyboard in Resources */ = {isa = PBXBuildFile; fileRef = D69DA09C1F9034C90020A2AF /* LaunchScreen.storyboard */; };
		D69DA0AB1F9038C80020A2AF /* ZipCodeDelegate.swift in Sources */ = {isa = PBXBuildFile; fileRef = D69DA0AA1F9038C80020A2AF /* ZipCodeDelegate.swift */; };
		D69DA0AD1F9038DD0020A2AF /* MoneyDelegate.swift in Sources */ = {isa = PBXBuildFile; fileRef = D69DA0AC1F9038DD0020A2AF /* MoneyDelegate.swift */; };
/* End PBXBuildFile section */

/* Begin PBXFileReference section */
		D69DA0901F9034C90020A2AF /* TextFieldsChallengeApp.app */ = {isa = PBXFileReference; explicitFileType = wrapper.application; includeInIndex = 0; path = TextFieldsChallengeApp.app; sourceTree = BUILT_PRODUCTS_DIR; };
		D69DA0931F9034C90020A2AF /* AppDelegate.swift */ = {isa = PBXFileReference; lastKnownFileType = sourcecode.swift; path = AppDelegate.swift; sourceTree = "<group>"; };
		D69DA0951F9034C90020A2AF /* ViewController.swift */ = {isa = PBXFileReference; lastKnownFileType = sourcecode.swift; path = ViewController.swift; sourceTree = "<group>"; };
		D69DA0981F9034C90020A2AF /* Base */ = {isa = PBXFileReference; lastKnownFileType = file.storyboard; name = Base; path = Base.lproj/Main.storyboard; sourceTree = "<group>"; };
		D69DA09A1F9034C90020A2AF /* Assets.xcassets */ = {isa = PBXFileReference; lastKnownFileType = folder.assetcatalog; path = Assets.xcassets; sourceTree = "<group>"; };
		D69DA09D1F9034C90020A2AF /* Base */ = {isa = PBXFileReference; lastKnownFileType = file.storyboard; name = Base; path = Base.lproj/LaunchScreen.storyboard; sourceTree = "<group>"; };
		D69DA09F1F9034C90020A2AF /* Info.plist */ = {isa = PBXFileReference; lastKnownFileType = text.plist.xml; path = Info.plist; sourceTree = "<group>"; };
		D69DA0AA1F9038C80020A2AF /* ZipCodeDelegate.swift */ = {isa = PBXFileReference; fileEncoding = 4; lastKnownFileType = sourcecode.swift; path = ZipCodeDelegate.swift; sourceTree = "<group>"; };
		D69DA0AC1F9038DD0020A2AF /* MoneyDelegate.swift */ = {isa = PBXFileReference; fileEncoding = 4; lastKnownFileType = sourcecode.swift; path = MoneyDelegate.swift; sourceTree = "<group>"; };
/* End PBXFileReference section */

/* Begin PBXFrameworksBuildPhase section */
		D69DA08D1F9034C90020A2AF /* Frameworks */ = {
			isa = PBXFrameworksBuildPhase;
			buildActionMask = 2147483647;
			files = (
			);
			runOnlyForDeploymentPostprocessing = 0;
		};
/* End PBXFrameworksBuildPhase section */

/* Begin PBXGroup section */
		D69DA0871F9034C80020A2AF = {
			isa = PBXGroup;
			children = (
				D69DA0921F9034C90020A2AF /* TextFieldsChallengeApp */,
				D69DA0911F9034C90020A2AF /* Products */,
			);
			sourceTree = "<group>";
		};
		D69DA0911F9034C90020A2AF /* Products */ = {
			isa = PBXGroup;
			children = (
				D69DA0901F9034C90020A2AF /* TextFieldsChallengeApp.app */,
			);
			name = Products;
			sourceTree = "<group>";
		};
		D69DA0921F9034C90020A2AF /* TextFieldsChallengeApp */ = {
			isa = PBXGroup;
			children = (
				D69DA0931F9034C90020A2AF /* AppDelegate.swift */,
				D69DA0951F9034C90020A2AF /* ViewController.swift */,
				D69DA0A91F9037580020A2AF /* Text Field Delegates */,
				D69DA0971F9034C90020A2AF /* Main.storyboard */,
				D69DA09A1F9034C90020A2AF /* Assets.xcassets */,
				D69DA09C1F9034C90020A2AF /* LaunchScreen.storyboard */,
				D69DA09F1F9034C90020A2AF /* Info.plist */,
			);
			path = TextFieldsChallengeApp;
			sourceTree = "<group>";
		};
		D69DA0A91F9037580020A2AF /* Text Field Delegates */ = {
			isa = PBXGroup;
			children = (
				D69DA0AA1F9038C80020A2AF /* ZipCodeDelegate.swift */,
				D69DA0AC1F9038DD0020A2AF /* MoneyDelegate.swift */,
			);
			name = "Text Field Delegates";
			path = ..;
			sourceTree = "<group>";
		};
/* End PBXGroup section */

/* Begin PBXNativeTarget section */
		D69DA08F1F9034C90020A2AF /* TextFieldsChallengeApp */ = {
			isa = PBXNativeTarget;
			buildConfigurationList = D69DA0A21F9034C90020A2AF /* Build configuration list for PBXNativeTarget "TextFieldsChallengeApp" */;
			buildPhases = (
				D69DA08C1F9034C90020A2AF /* Sources */,
				D69DA08D1F9034C90020A2AF /* Frameworks */,
				D69DA08E1F9034C90020A2AF /* Resources */,
			);
			buildRules = (
			);
			dependencies = (
			);
			name = TextFieldsChallengeApp;
			productName = TextFieldsChallengeApp;
			productReference = D69DA0901F9034C90020A2AF /* TextFieldsChallengeApp.app */;
			productType = "com.apple.product-type.application";
		};
/* End PBXNativeTarget section */

/* Begin PBXProject section */
		D69DA0881F9034C80020A2AF /* Project object */ = {
			isa = PBXProject;
			attributes = {
				LastSwiftUpdateCheck = 0830;
				LastUpgradeCheck = 0830;
				ORGANIZATIONNAME = KG;
				TargetAttributes = {
					D69DA08F1F9034C90020A2AF = {
						CreatedOnToolsVersion = 8.3.3;
						ProvisioningStyle = Automatic;
					};
				};
			};
			buildConfigurationList = D69DA08B1F9034C80020A2AF /* Build configuration list for PBXProject "TextFieldsChallengeApp" */;
			compatibilityVersion = "Xcode 3.2";
			developmentRegion = English;
			hasScannedForEncodings = 0;
			knownRegions = (
				en,
				Base,
			);
			mainGroup = D69DA0871F9034C80020A2AF;
			productRefGroup = D69DA0911F9034C90020A2AF /* Products */;
			projectDirPath = "";
			projectRoot = "";
			targets = (
				D69DA08F1F9034C90020A2AF /* TextFieldsChallengeApp */,
			);
		};
/* End PBXProject section */

/* Begin PBXResourcesBuildPhase section */
		D69DA08E1F9034C90020A2AF /* Resources */ = {
			isa = PBXResourcesBuildPhase;
			buildActionMask = 2147483647;
			files = (
				D69DA09E1F9034C90020A2AF /* LaunchScreen.storyboard in Resources */,
				D69DA09B1F9034C90020A2AF /* Assets.xcassets in Resources */,
				D69DA0991F9034C90020A2AF /* Main.storyboard in Resources */,
			);
			runOnlyForDeploymentPostprocessing = 0;
		};
/* End PBXResourcesBuildPhase section */

/* Begin PBXSourcesBuildPhase section */
		D69DA08C1F9034C90020A2AF /* Sources */ = {
			isa = PBXSourcesBuildPhase;
			buildActionMask = 2147483647;
			files = (
				D69DA0961F9034C90020A2AF /* ViewController.swift in Sources */,
				D69DA0AD1F9038DD0020A2AF /* MoneyDelegate.swift in Sources */,
				D69DA0AB1F9038C80020A2AF /* ZipCodeDelegate.swift in Sources */,
				D69DA0941F9034C90020A2AF /* AppDelegate.swift in Sources */,
			);
			runOnlyForDeploymentPostprocessing = 0;
		};
/* End PBXSourcesBuildPhase section */

/* Begin PBXVariantGroup section */
		D69DA0971F9034C90020A2AF /* Main.storyboard */ = {
			isa = PBXVariantGroup;
			children = (
				D69DA0981F9034C90020A2AF /* Base */,
			);
			name = Main.storyboard;
			sourceTree = "<group>";
		};
		D69DA09C1F9034C90020A2AF /* LaunchScreen.storyboard */ = {
			isa = PBXVariantGroup;
			children = (
				D69DA09D1F9034C90020A2AF /* Base */,
			);
			name = LaunchScreen.storyboard;
			sourceTree = "<group>";
		};
/* End PBXVariantGroup section */

/* Begin XCBuildConfiguration section */
		D69DA0A01F9034C90020A2AF /* Debug */ = {
			isa = XCBuildConfiguration;
			buildSettings = {
				ALWAYS_SEARCH_USER_PATHS = NO;
				CLANG_ANALYZER_NONNULL = YES;
				CLANG_ANALYZER_NUMBER_OBJECT_CONVERSION = YES_AGGRESSIVE;
				CLANG_CXX_LANGUAGE_STANDARD = "gnu++0x";
				CLANG_CXX_LIBRARY = "libc++";
				CLANG_ENABLE_MODULES = YES;
				CLANG_ENABLE_OBJC_ARC = YES;
				CLANG_WARN_BOOL_CONVERSION = YES;
				CLANG_WARN_CONSTANT_CONVERSION = YES;
				CLANG_WARN_DIRECT_OBJC_ISA_USAGE = YES_ERROR;
				CLANG_WARN_DOCUMENTATION_COMMENTS = YES;
				CLANG_WARN_EMPTY_BODY = YES;
				CLANG_WARN_ENUM_CONVERSION = YES;
				CLANG_WARN_INFINITE_RECURSION = YES;
				CLANG_WARN_INT_CONVERSION = YES;
				CLANG_WARN_OBJC_ROOT_CLASS = YES_ERROR;
				CLANG_WARN_SUSPICIOUS_MOVE = YES;
				CLANG_WARN_UNREACHABLE_CODE = YES;
				CLANG_WARN__DUPLICATE_METHOD_MATCH = YES;
				"CODE_SIGN_IDENTITY[sdk=iphoneos*]" = "iPhone Developer";
				COPY_PHASE_STRIP = NO;
				DEBUG_INFORMATION_FORMAT = dwarf;
				ENABLE_STRICT_OBJC_MSGSEND = YES;
				ENABLE_TESTABILITY = YES;
				GCC_C_LANGUAGE_STANDARD = gnu99;
				GCC_DYNAMIC_NO_PIC = NO;
				GCC_NO_COMMON_BLOCKS = YES;
				GCC_OPTIMIZATION_LEVEL = 0;
				GCC_PREPROCESSOR_DEFINITIONS = (
					"DEBUG=1",
					"$(inherited)",
				);
				GCC_WARN_64_TO_32_BIT_CONVERSION = YES;
				GCC_WARN_ABOUT_RETURN_TYPE = YES_ERROR;
				GCC_WARN_UNDECLARED_SELECTOR = YES;
				GCC_WARN_UNINITIALIZED_AUTOS = YES_AGGRESSIVE;
				GCC_WARN_UNUSED_FUNCTION = YES;
				GCC_WARN_UNUSED_VARIABLE = YES;
				IPHONEOS_DEPLOYMENT_TARGET = 10.3;
				MTL_ENABLE_DEBUG_INFO = YES;
				ONLY_ACTIVE_ARCH = YES;
				SDKROOT = iphoneos;
				SWIFT_ACTIVE_COMPILATION_CONDITIONS = DEBUG;
				SWIFT_OPTIMIZATION_LEVEL = "-Onone";
				TARGETED_DEVICE_FAMILY = "1,2";
			};
			name = Debug;
		};
		D69DA0A11F9034C90020A2AF /* Release */ = {
			isa = XCBuildConfiguration;
			buildSettings = {
				ALWAYS_SEARCH_USER_PATHS = NO;
				CLANG_ANALYZER_NONNULL = YES;
				CLANG_ANALYZER_NUMBER_OBJECT_CONVERSION = YES_AGGRESSIVE;
				CLANG_CXX_LANGUAGE_STANDARD = "gnu++0x";
				CLANG_CXX_LIBRARY = "libc++";
				CLANG_ENABLE_MODULES = YES;
				CLANG_ENABLE_OBJC_ARC = YES;
				CLANG_WARN_BOOL_CONVERSION = YES;
				CLANG_WARN_CONSTANT_CONVERSION = YES;
				CLANG_WARN_DIRECT_OBJC_ISA_USAGE = YES_ERROR;
				CLANG_WARN_DOCUMENTATION_COMMENTS = YES;
				CLANG_WARN_EMPTY_BODY = YES;
				CLANG_WARN_ENUM_CONVERSION = YES;
				CLANG_WARN_INFINITE_RECURSION = YES;
				CLANG_WARN_INT_CONVERSION = YES;
				CLANG_WARN_OBJC_ROOT_CLASS = YES_ERROR;
				CLANG_WARN_SUSPICIOUS_MOVE = YES;
				CLANG_WARN_UNREACHABLE_CODE = YES;
				CLANG_WARN__DUPLICATE_METHOD_MATCH = YES;
				"CODE_SIGN_IDENTITY[sdk=iphoneos*]" = "iPhone Developer";
				COPY_PHASE_STRIP = NO;
				DEBUG_INFORMATION_FORMAT = "dwarf-with-dsym";
				ENABLE_NS_ASSERTIONS = NO;
				ENABLE_STRICT_OBJC_MSGSEND = YES;
				GCC_C_LANGUAGE_STANDARD = gnu99;
				GCC_NO_COMMON_BLOCKS = YES;
				GCC_WARN_64_TO_32_BIT_CONVERSION = YES;
				GCC_WARN_ABOUT_RETURN_TYPE = YES_ERROR;
				GCC_WARN_UNDECLARED_SELECTOR = YES;
				GCC_WARN_UNINITIALIZED_AUTOS = YES_AGGRESSIVE;
				GCC_WARN_UNUSED_FUNCTION = YES;
				GCC_WARN_UNUSED_VARIABLE = YES;
				IPHONEOS_DEPLOYMENT_TARGET = 10.3;
				MTL_ENABLE_DEBUG_INFO = NO;
				SDKROOT = iphoneos;
				SWIFT_OPTIMIZATION_LEVEL = "-Owholemodule";
				TARGETED_DEVICE_FAMILY = "1,2";
				VALIDATE_PRODUCT = YES;
			};
			name = Release;
		};
		D69DA0A31F9034C90020A2AF /* Debug */ = {
			isa = XCBuildConfiguration;
			buildSettings = {
				ASSETCATALOG_COMPILER_APPICON_NAME = AppIcon;
				INFOPLIST_FILE = TextFieldsChallengeApp/Info.plist;
				LD_RUNPATH_SEARCH_PATHS = "$(inherited) @executable_path/Frameworks";
				PRODUCT_BUNDLE_IDENTIFIER = com.kg.TextFieldsChallengeApp;
				PRODUCT_NAME = "$(TARGET_NAME)";
				SWIFT_VERSION = 3.0;
			};
			name = Debug;
		};
		D69DA0A41F9034C90020A2AF /* Release */ = {
			isa = XCBuildConfiguration;
			buildSettings = {
				ASSETCATALOG_COMPILER_APPICON_NAME = AppIcon;
				INFOPLIST_FILE = TextFieldsChallengeApp/Info.plist;
				LD_RUNPATH_SEARCH_PATHS = "$(inherited) @executable_path/Frameworks";
				PRODUCT_BUNDLE_IDENTIFIER = com.kg.TextFieldsChallengeApp;
				PRODUCT_NAME = "$(TARGET_NAME)";
				SWIFT_VERSION = 3.0;
			};
			name = Release;
		};
/* End XCBuildConfiguration section */

/* Begin XCConfigurationList section */
		D69DA08B1F9034C80020A2AF /* Build configuration list for PBXProject "TextFieldsChallengeApp" */ = {
			isa = XCConfigurationList;
			buildConfigurations = (
				D69DA0A01F9034C90020A2AF /* Debug */,
				D69DA0A11F9034C90020A2AF /* Release */,
			);
			defaultConfigurationIsVisible = 0;
			defaultConfigurationName = Release;
		};
		D69DA0A21F9034C90020A2AF /* Build configuration list for PBXNativeTarget "TextFieldsChallengeApp" */ = {
			isa = XCConfigurationList;
			buildConfigurations = (
				D69DA0A31F9034C90020A2AF /* Debug */,
				D69DA0A41F9034C90020A2AF /* Release */,
			);
			defaultConfigurationIsVisible = 0;
		};
/* End XCConfigurationList section */
	};
	rootObject = D69DA0881F9034C80020A2AF /* Project object */;
}
